
Microsoft Visual Studio Solution File, Format Version 12.00
# Visual Studio Version 17
VisualStudioVersion = 17.8.34309.116
MinimumVisualStudioVersion = 10.0.40219.1
Project("{FAE04EC0-301F-11D3-BF4B-00C04F79EFBC}") = "FallDetection.WPF", "FallDetection.WPF\FallDetection.WPF.csproj", "{BD3E18D1-AA4E-4F44-A1F2-8047117F70D4}"
EndProject
Global
	GlobalSection(SolutionConfigurationPlatforms) = preSolution
		Debug|Any CPU = Debug|Any CPU
		Release|Any CPU = Release|Any CPU
	EndGlobalSection
	GlobalSection(ProjectConfigurationPlatforms) = postSolution
		{BD3E18D1-AA4E-4F44-A1F2-8047117F70D4}.Debug|Any CPU.ActiveCfg = Debug|Any CPU
		{BD3E18D1-AA4E-4F44-A1F2-8047117F70D4}.Debug|Any CPU.Build.0 = Debug|Any CPU
		{BD3E18D1-AA4E-4F44-A1F2-8047117F70D4}.Release|Any CPU.ActiveCfg = Release|Any CPU
		{BD3E18D1-AA4E-4F44-A1F2-8047117F70D4}.Release|Any CPU.Build.0 = Release|Any CPU
	EndGlobalSection
	GlobalSection(SolutionProperties) = preSolution
		HideSolutionNode = FALSE
	EndGlobalSection
	GlobalSection(ExtensibilityGlobals) = postSolution
		SolutionGuid = {60BA5F77-3886-4E53-8F68-7A460390892F}
	EndGlobalSection
EndGlobal
